
Microsoft Visual Studio Solution File, Format Version 12.00
# Visual Studio 15
VisualStudioVersion = 15.0.27004.2009
MinimumVisualStudioVersion = 10.0.40219.1
Project("{FAE04EC0-301F-11D3-BF4B-00C04F79EFBC}") = "NSQCore", "NSQCore\NSQCore.csproj", "{DDEE1831-D6E5-445B-94FB-F54302DE856B}"
EndProject
Project("{FAE04EC0-301F-11D3-BF4B-00C04F79EFBC}") = "NSQCore.Client.Sample", "NSQCore.Client.Sample\NSQCore.Client.Sample.csproj", "{BD376F0D-B5EB-43DD-BC9B-E0FE6D4D4557}"
EndProject
Global
	GlobalSection(SolutionConfigurationPlatforms) = preSolution
		Debug|Any CPU = Debug|Any CPU
		Release|Any CPU = Release|Any CPU
	EndGlobalSection
	GlobalSection(ProjectConfigurationPlatforms) = postSolution
		{DDEE1831-D6E5-445B-94FB-F54302DE856B}.Debug|Any CPU.ActiveCfg = Debug|Any CPU
		{DDEE1831-D6E5-445B-94FB-F54302DE856B}.Debug|Any CPU.Build.0 = Debug|Any CPU
		{DDEE1831-D6E5-445B-94FB-F54302DE856B}.Release|Any CPU.ActiveCfg = Release|Any CPU
		{DDEE1831-D6E5-445B-94FB-F54302DE856B}.Release|Any CPU.Build.0 = Release|Any CPU
		{BD376F0D-B5EB-43DD-BC9B-E0FE6D4D4557}.Debug|Any CPU.ActiveCfg = Debug|Any CPU
		{BD376F0D-B5EB-43DD-BC9B-E0FE6D4D4557}.Debug|Any CPU.Build.0 = Debug|Any CPU
		{BD376F0D-B5EB-43DD-BC9B-E0FE6D4D4557}.Release|Any CPU.ActiveCfg = Release|Any CPU
		{BD376F0D-B5EB-43DD-BC9B-E0FE6D4D4557}.Release|Any CPU.Build.0 = Release|Any CPU
	EndGlobalSection
	GlobalSection(SolutionProperties) = preSolution
		HideSolutionNode = FALSE
	EndGlobalSection
	GlobalSection(ExtensibilityGlobals) = postSolution
		SolutionGuid = {9912EB28-ABB8-495C-8E5D-914C15D79A87}
	EndGlobalSection
EndGlobal
